
Microsoft Visual Studio Solution File, Format Version 12.00
# Visual Studio Version 16
VisualStudioVersion = 16.0.31019.35
MinimumVisualStudioVersion = 10.0.40219.1
Project("{8BC9CEB8-8B4A-11D0-8D11-00A0C91BC942}") = "14.42", "14.42.vcxproj", "{BF27DE14-7A73-4E1F-8B0B-F8E214BE45EA}"
EndProject
Global
	GlobalSection(SolutionConfigurationPlatforms) = preSolution
		Debug|x64 = Debug|x64
		Debug|x86 = Debug|x86
		Release|x64 = Release|x64
		Release|x86 = Release|x86
	EndGlobalSection
	GlobalSection(ProjectConfigurationPlatforms) = postSolution
		{BF27DE14-7A73-4E1F-8B0B-F8E214BE45EA}.Debug|x64.ActiveCfg = Debug|x64
		{BF27DE14-7A73-4E1F-8B0B-F8E214BE45EA}.Debug|x64.Build.0 = Debug|x64
		{BF27DE14-7A73-4E1F-8B0B-F8E214BE45EA}.Debug|x86.ActiveCfg = Debug|Win32
		{BF27DE14-7A73-4E1F-8B0B-F8E214BE45EA}.Debug|x86.Build.0 = Debug|Win32
		{BF27DE14-7A73-4E1F-8B0B-F8E214BE45EA}.Release|x64.ActiveCfg = Release|x64
		{BF27DE14-7A73-4E1F-8B0B-F8E214BE45EA}.Release|x64.Build.0 = Release|x64
		{BF27DE14-7A73-4E1F-8B0B-F8E214BE45EA}.Release|x86.ActiveCfg = Release|Win32
		{BF27DE14-7A73-4E1F-8B0B-F8E214BE45EA}.Release|x86.Build.0 = Release|Win32
	EndGlobalSection
	GlobalSection(SolutionProperties) = preSolution
		HideSolutionNode = FALSE
	EndGlobalSection
	GlobalSection(ExtensibilityGlobals) = postSolution
		SolutionGuid = {49D49EDC-EBE7-42C3-82EF-BCB43B40C558}
	EndGlobalSection
EndGlobal
