
Microsoft Visual Studio Solution File, Format Version 12.00
# Visual Studio Version 16
VisualStudioVersion = 16.0.31019.35
MinimumVisualStudioVersion = 10.0.40219.1
Project("{8BC9CEB8-8B4A-11D0-8D11-00A0C91BC942}") = "16.7", "16.7.vcxproj", "{9591CFBD-9E8E-48B0-AADD-F07CEA20CD75}"
EndProject
Global
	GlobalSection(SolutionConfigurationPlatforms) = preSolution
		Debug|x64 = Debug|x64
		Debug|x86 = Debug|x86
		Release|x64 = Release|x64
		Release|x86 = Release|x86
	EndGlobalSection
	GlobalSection(ProjectConfigurationPlatforms) = postSolution
		{9591CFBD-9E8E-48B0-AADD-F07CEA20CD75}.Debug|x64.ActiveCfg = Debug|x64
		{9591CFBD-9E8E-48B0-AADD-F07CEA20CD75}.Debug|x64.Build.0 = Debug|x64
		{9591CFBD-9E8E-48B0-AADD-F07CEA20CD75}.Debug|x86.ActiveCfg = Debug|Win32
		{9591CFBD-9E8E-48B0-AADD-F07CEA20CD75}.Debug|x86.Build.0 = Debug|Win32
		{9591CFBD-9E8E-48B0-AADD-F07CEA20CD75}.Release|x64.ActiveCfg = Release|x64
		{9591CFBD-9E8E-48B0-AADD-F07CEA20CD75}.Release|x64.Build.0 = Release|x64
		{9591CFBD-9E8E-48B0-AADD-F07CEA20CD75}.Release|x86.ActiveCfg = Release|Win32
		{9591CFBD-9E8E-48B0-AADD-F07CEA20CD75}.Release|x86.Build.0 = Release|Win32
	EndGlobalSection
	GlobalSection(SolutionProperties) = preSolution
		HideSolutionNode = FALSE
	EndGlobalSection
	GlobalSection(ExtensibilityGlobals) = postSolution
		SolutionGuid = {81D0B627-1671-4DBB-9BED-B3302D6CCA11}
	EndGlobalSection
EndGlobal
