
Microsoft Visual Studio Solution File, Format Version 12.00
# Visual Studio Version 16
VisualStudioVersion = 16.0.31019.35
MinimumVisualStudioVersion = 10.0.40219.1
Project("{8BC9CEB8-8B4A-11D0-8D11-00A0C91BC942}") = "14.53", "14.53.vcxproj", "{BB0E732F-E7D2-4EEB-AF02-388158C6C441}"
EndProject
Global
	GlobalSection(SolutionConfigurationPlatforms) = preSolution
		Debug|x64 = Debug|x64
		Debug|x86 = Debug|x86
		Release|x64 = Release|x64
		Release|x86 = Release|x86
	EndGlobalSection
	GlobalSection(ProjectConfigurationPlatforms) = postSolution
		{BB0E732F-E7D2-4EEB-AF02-388158C6C441}.Debug|x64.ActiveCfg = Debug|x64
		{BB0E732F-E7D2-4EEB-AF02-388158C6C441}.Debug|x64.Build.0 = Debug|x64
		{BB0E732F-E7D2-4EEB-AF02-388158C6C441}.Debug|x86.ActiveCfg = Debug|Win32
		{BB0E732F-E7D2-4EEB-AF02-388158C6C441}.Debug|x86.Build.0 = Debug|Win32
		{BB0E732F-E7D2-4EEB-AF02-388158C6C441}.Release|x64.ActiveCfg = Release|x64
		{BB0E732F-E7D2-4EEB-AF02-388158C6C441}.Release|x64.Build.0 = Release|x64
		{BB0E732F-E7D2-4EEB-AF02-388158C6C441}.Release|x86.ActiveCfg = Release|Win32
		{BB0E732F-E7D2-4EEB-AF02-388158C6C441}.Release|x86.Build.0 = Release|Win32
	EndGlobalSection
	GlobalSection(SolutionProperties) = preSolution
		HideSolutionNode = FALSE
	EndGlobalSection
	GlobalSection(ExtensibilityGlobals) = postSolution
		SolutionGuid = {9D3B05EA-BF9F-4170-82BF-17A67892D9C8}
	EndGlobalSection
EndGlobal
